// !$*UTF8*$!
{
	archiveVersion = 1;
	classes = {
	};
	objectVersion = 46;
	objects = {

/* Begin PBXBuildFile section */
		35830E871D0D1C7900887337 /* Product.swift in Sources */ = {isa = PBXBuildFile; fileRef = 35830E861D0D1C7900887337 /* Product.swift */; };
		35830E891D0D282B00887337 /* CartTableViewController.swift in Sources */ = {isa = PBXBuildFile; fileRef = 35830E881D0D282B00887337 /* CartTableViewController.swift */; };
		35B9556A1D0CD5CC00790B82 /* AppDelegate.swift in Sources */ = {isa = PBXBuildFile; fileRef = 35B955691D0CD5CC00790B82 /* AppDelegate.swift */; };
		35B9556F1D0CD5CC00790B82 /* Main.storyboard in Resources */ = {isa = PBXBuildFile; fileRef = 35B9556D1D0CD5CC00790B82 /* Main.storyboard */; };
		35B955711D0CD5CC00790B82 /* Assets.xcassets in Resources */ = {isa = PBXBuildFile; fileRef = 35B955701D0CD5CC00790B82 /* Assets.xcassets */; };
		35B955741D0CD5CC00790B82 /* LaunchScreen.storyboard in Resources */ = {isa = PBXBuildFile; fileRef = 35B955721D0CD5CC00790B82 /* LaunchScreen.storyboard */; };
		35B9557C1D0CE7EB00790B82 /* ProductViewController.swift in Sources */ = {isa = PBXBuildFile; fileRef = 35B9557B1D0CE7EB00790B82 /* ProductViewController.swift */; };
		35B9557E1D0CFD8100790B82 /* ContactViewController.swift in Sources */ = {isa = PBXBuildFile; fileRef = 35B9557D1D0CFD8100790B82 /* ContactViewController.swift */; };
		35B955801D0D035A00790B82 /* ProductsTableViewController.swift in Sources */ = {isa = PBXBuildFile; fileRef = 35B9557F1D0D035A00790B82 /* ProductsTableViewController.swift */; };
/* End PBXBuildFile section */

/* Begin PBXFileReference section */
		35830E861D0D1C7900887337 /* Product.swift */ = {isa = PBXFileReference; fileEncoding = 4; lastKnownFileType = sourcecode.swift; path = Product.swift; sourceTree = "<group>"; };
		35830E881D0D282B00887337 /* CartTableViewController.swift */ = {isa = PBXFileReference; fileEncoding = 4; lastKnownFileType = sourcecode.swift; path = CartTableViewController.swift; sourceTree = "<group>"; };
		35B955661D0CD5CC00790B82 /* GoodAsOldPhones.app */ = {isa = PBXFileReference; explicitFileType = wrapper.application; includeInIndex = 0; path = GoodAsOldPhones.app; sourceTree = BUILT_PRODUCTS_DIR; };
		35B955691D0CD5CC00790B82 /* AppDelegate.swift */ = {isa = PBXFileReference; lastKnownFileType = sourcecode.swift; path = AppDelegate.swift; sourceTree = "<group>"; };
		35B9556E1D0CD5CC00790B82 /* Base */ = {isa = PBXFileReference; lastKnownFileType = file.storyboard; name = Base; path = Base.lproj/Main.storyboard; sourceTree = "<group>"; };
		35B955701D0CD5CC00790B82 /* Assets.xcassets */ = {isa = PBXFileReference; lastKnownFileType = folder.assetcatalog; path = Assets.xcassets; sourceTree = "<group>"; };
		35B955731D0CD5CC00790B82 /* Base */ = {isa = PBXFileReference; lastKnownFileType = file.storyboard; name = Base; path = Base.lproj/LaunchScreen.storyboard; sourceTree = "<group>"; };
		35B955751D0CD5CC00790B82 /* Info.plist */ = {isa = PBXFileReference; lastKnownFileType = text.plist.xml; path = Info.plist; sourceTree = "<group>"; };
		35B9557B1D0CE7EB00790B82 /* ProductViewController.swift */ = {isa = PBXFileReference; fileEncoding = 4; lastKnownFileType = sourcecode.swift; path = ProductViewController.swift; sourceTree = "<group>"; };
		35B9557D1D0CFD8100790B82 /* ContactViewController.swift */ = {isa = PBXFileReference; fileEncoding = 4; lastKnownFileType = sourcecode.swift; path = ContactViewController.swift; sourceTree = "<group>"; };
		35B9557F1D0D035A00790B82 /* ProductsTableViewController.swift */ = {isa = PBXFileReference; fileEncoding = 4; lastKnownFileType = sourcecode.swift; path = ProductsTableViewController.swift; sourceTree = "<group>"; };
/* End PBXFileReference section */

/* Begin PBXFrameworksBuildPhase section */
		35B955631D0CD5CC00790B82 /* Frameworks */ = {
			isa = PBXFrameworksBuildPhase;
			buildActionMask = 2147483647;
			files = (
			);
			runOnlyForDeploymentPostprocessing = 0;
		};
/* End PBXFrameworksBuildPhase section */

/* Begin PBXGroup section */
		35B9555D1D0CD5CB00790B82 = {
			isa = PBXGroup;
			children = (
				35B955681D0CD5CC00790B82 /* GoodAsOldPhones */,
				35B955671D0CD5CC00790B82 /* Products */,
			);
			sourceTree = "<group>";
		};
		35B955671D0CD5CC00790B82 /* Products */ = {
			isa = PBXGroup;
			children = (
				35B955661D0CD5CC00790B82 /* GoodAsOldPhones.app */,
			);
			name = Products;
			sourceTree = "<group>";
		};
		35B955681D0CD5CC00790B82 /* GoodAsOldPhones */ = {
			isa = PBXGroup;
			children = (
				35B955691D0CD5CC00790B82 /* AppDelegate.swift */,
				35B9556D1D0CD5CC00790B82 /* Main.storyboard */,
				35830E861D0D1C7900887337 /* Product.swift */,
				35B955701D0CD5CC00790B82 /* Assets.xcassets */,
				35B955721D0CD5CC00790B82 /* LaunchScreen.storyboard */,
				35B955751D0CD5CC00790B82 /* Info.plist */,
				35B9557B1D0CE7EB00790B82 /* ProductViewController.swift */,
				35B9557D1D0CFD8100790B82 /* ContactViewController.swift */,
				35B9557F1D0D035A00790B82 /* ProductsTableViewController.swift */,
				35830E881D0D282B00887337 /* CartTableViewController.swift */,
			);
			path = GoodAsOldPhones;
			sourceTree = "<group>";
		};
/* End PBXGroup section */

/* Begin PBXNativeTarget section */
		35B955651D0CD5CC00790B82 /* GoodAsOldPhones */ = {
			isa = PBXNativeTarget;
			buildConfigurationList = 35B955781D0CD5CC00790B82 /* Build configuration list for PBXNativeTarget "GoodAsOldPhones" */;
			buildPhases = (
				35B955621D0CD5CC00790B82 /* Sources */,
				35B955631D0CD5CC00790B82 /* Frameworks */,
				35B955641D0CD5CC00790B82 /* Resources */,
			);
			buildRules = (
			);
			dependencies = (
			);
			name = GoodAsOldPhones;
			productName = GoodAsOldPhones;
			productReference = 35B955661D0CD5CC00790B82 /* GoodAsOldPhones.app */;
			productType = "com.apple.product-type.application";
		};
/* End PBXNativeTarget section */

/* Begin PBXProject section */
		35B9555E1D0CD5CB00790B82 /* Project object */ = {
			isa = PBXProject;
			attributes = {
				LastSwiftUpdateCheck = 0730;
				LastUpgradeCheck = 0730;
				ORGANIZATIONNAME = Example;
				TargetAttributes = {
					35B955651D0CD5CC00790B82 = {
						CreatedOnToolsVersion = 7.3.1;
					};
				};
			};
			buildConfigurationList = 35B955611D0CD5CC00790B82 /* Build configuration list for PBXProject "GoodAsOldPhones" */;
			compatibilityVersion = "Xcode 3.2";
			developmentRegion = English;
			hasScannedForEncodings = 0;
			knownRegions = (
				en,
				Base,
			);
			mainGroup = 35B9555D1D0CD5CB00790B82;
			productRefGroup = 35B955671D0CD5CC00790B82 /* Products */;
			projectDirPath = "";
			projectRoot = "";
			targets = (
				35B955651D0CD5CC00790B82 /* GoodAsOldPhones */,
			);
		};
/* End PBXProject section */

/* Begin PBXResourcesBuildPhase section */
		35B955641D0CD5CC00790B82 /* Resources */ = {
			isa = PBXResourcesBuildPhase;
			buildActionMask = 2147483647;
			files = (
				35B955741D0CD5CC00790B82 /* LaunchScreen.storyboard in Resources */,
				35B955711D0CD5CC00790B82 /* Assets.xcassets in Resources */,
				35B9556F1D0CD5CC00790B82 /* Main.storyboard in Resources */,
			);
			runOnlyForDeploymentPostprocessing = 0;
		};
/* End PBXResourcesBuildPhase section */

/* Begin PBXSourcesBuildPhase section */
		35B955621D0CD5CC00790B82 /* Sources */ = {
			isa = PBXSourcesBuildPhase;
			buildActionMask = 2147483647;
			files = (
				35B9557C1D0CE7EB00790B82 /* ProductViewController.swift in Sources */,
				35830E891D0D282B00887337 /* CartTableViewController.swift in Sources */,
				35B955801D0D035A00790B82 /* ProductsTableViewController.swift in Sources */,
				35830E871D0D1C7900887337 /* Product.swift in Sources */,
				35B9556A1D0CD5CC00790B82 /* AppDelegate.swift in Sources */,
				35B9557E1D0CFD8100790B82 /* ContactViewController.swift in Sources */,
			);
			runOnlyForDeploymentPostprocessing = 0;
		};
/* End PBXSourcesBuildPhase section */

/* Begin PBXVariantGroup section */
		35B9556D1D0CD5CC00790B82 /* Main.storyboard */ = {
			isa = PBXVariantGroup;
			children = (
				35B9556E1D0CD5CC00790B82 /* Base */,
			);
			name = Main.storyboard;
			sourceTree = "<group>";
		};
		35B955721D0CD5CC00790B82 /* LaunchScreen.storyboard */ = {
			isa = PBXVariantGroup;
			children = (
				35B955731D0CD5CC00790B82 /* Base */,
			);
			name = LaunchScreen.storyboard;
			sourceTree = "<group>";
		};
/* End PBXVariantGroup section */

/* Begin XCBuildConfiguration section */
		35B955761D0CD5CC00790B82 /* Debug */ = {
			isa = XCBuildConfiguration;
			buildSettings = {
				ALWAYS_SEARCH_USER_PATHS = NO;
				CLANG_ANALYZER_NONNULL = YES;
				CLANG_CXX_LANGUAGE_STANDARD = "gnu++0x";
				CLANG_CXX_LIBRARY = "libc++";
				CLANG_ENABLE_MODULES = YES;
				CLANG_ENABLE_OBJC_ARC = YES;
				CLANG_WARN_BOOL_CONVERSION = YES;
				CLANG_WARN_CONSTANT_CONVERSION = YES;
				CLANG_WARN_DIRECT_OBJC_ISA_USAGE = YES_ERROR;
				CLANG_WARN_EMPTY_BODY = YES;
				CLANG_WARN_ENUM_CONVERSION = YES;
				CLANG_WARN_INT_CONVERSION = YES;
				CLANG_WARN_OBJC_ROOT_CLASS = YES_ERROR;
				CLANG_WARN_UNREACHABLE_CODE = YES;
				CLANG_WARN__DUPLICATE_METHOD_MATCH = YES;
				"CODE_SIGN_IDENTITY[sdk=iphoneos*]" = "iPhone Developer";
				COPY_PHASE_STRIP = NO;
				DEBUG_INFORMATION_FORMAT = dwarf;
				ENABLE_STRICT_OBJC_MSGSEND = YES;
				ENABLE_TESTABILITY = YES;
				GCC_C_LANGUAGE_STANDARD = gnu99;
				GCC_DYNAMIC_NO_PIC = NO;
				GCC_NO_COMMON_BLOCKS = YES;
				GCC_OPTIMIZATION_LEVEL = 0;
				GCC_PREPROCESSOR_DEFINITIONS = (
					"DEBUG=1",
					"$(inherited)",
				);
				GCC_WARN_64_TO_32_BIT_CONVERSION = YES;
				GCC_WARN_ABOUT_RETURN_TYPE = YES_ERROR;
				GCC_WARN_UNDECLARED_SELECTOR = YES;
				GCC_WARN_UNINITIALIZED_AUTOS = YES_AGGRESSIVE;
				GCC_WARN_UNUSED_FUNCTION = YES;
				GCC_WARN_UNUSED_VARIABLE = YES;
				IPHONEOS_DEPLOYMENT_TARGET = 9.3;
				MTL_ENABLE_DEBUG_INFO = YES;
				ONLY_ACTIVE_ARCH = YES;
				SDKROOT = iphoneos;
				SWIFT_OPTIMIZATION_LEVEL = "-Onone";
			};
			name = Debug;
		};
		35B955771D0CD5CC00790B82 /* Release */ = {
			isa = XCBuildConfiguration;
			buildSettings = {
				ALWAYS_SEARCH_USER_PATHS = NO;
				CLANG_ANALYZER_NONNULL = YES;
				CLANG_CXX_LANGUAGE_STANDARD = "gnu++0x";
				CLANG_CXX_LIBRARY = "libc++";
				CLANG_ENABLE_MODULES = YES;
				CLANG_ENABLE_OBJC_ARC = YES;
				CLANG_WARN_BOOL_CONVERSION = YES;
				CLANG_WARN_CONSTANT_CONVERSION = YES;
				CLANG_WARN_DIRECT_OBJC_ISA_USAGE = YES_ERROR;
				CLANG_WARN_EMPTY_BODY = YES;
				CLANG_WARN_ENUM_CONVERSION = YES;
				CLANG_WARN_INT_CONVERSION = YES;
				CLANG_WARN_OBJC_ROOT_CLASS = YES_ERROR;
				CLANG_WARN_UNREACHABLE_CODE = YES;
				CLANG_WARN__DUPLICATE_METHOD_MATCH = YES;
				"CODE_SIGN_IDENTITY[sdk=iphoneos*]" = "iPhone Developer";
				COPY_PHASE_STRIP = NO;
				DEBUG_INFORMATION_FORMAT = "dwarf-with-dsym";
				ENABLE_NS_ASSERTIONS = NO;
				ENABLE_STRICT_OBJC_MSGSEND = YES;
				GCC_C_LANGUAGE_STANDARD = gnu99;
				GCC_NO_COMMON_BLOCKS = YES;
				GCC_WARN_64_TO_32_BIT_CONVERSION = YES;
				GCC_WARN_ABOUT_RETURN_TYPE = YES_ERROR;
				GCC_WARN_UNDECLARED_SELECTOR = YES;
				GCC_WARN_UNINITIALIZED_AUTOS = YES_AGGRESSIVE;
				GCC_WARN_UNUSED_FUNCTION = YES;
				GCC_WARN_UNUSED_VARIABLE = YES;
				IPHONEOS_DEPLOYMENT_TARGET = 9.3;
				MTL_ENABLE_DEBUG_INFO = NO;
				SDKROOT = iphoneos;
				VALIDATE_PRODUCT = YES;
			};
			name = Release;
		};
		35B955791D0CD5CC00790B82 /* Debug */ = {
			isa = XCBuildConfiguration;
			buildSettings = {
				ASSETCATALOG_COMPILER_APPICON_NAME = AppIcon;
				INFOPLIST_FILE = GoodAsOldPhones/Info.plist;
				LD_RUNPATH_SEARCH_PATHS = "$(inherited) @executable_path/Frameworks";
				PRODUCT_BUNDLE_IDENTIFIER = com.example.GoodAsOldPhones;
				PRODUCT_NAME = "$(TARGET_NAME)";
			};
			name = Debug;
		};
		35B9557A1D0CD5CC00790B82 /* Release */ = {
			isa = XCBuildConfiguration;
			buildSettings = {
				ASSETCATALOG_COMPILER_APPICON_NAME = AppIcon;
				INFOPLIST_FILE = GoodAsOldPhones/Info.plist;
				LD_RUNPATH_SEARCH_PATHS = "$(inherited) @executable_path/Frameworks";
				PRODUCT_BUNDLE_IDENTIFIER = com.example.GoodAsOldPhones;
				PRODUCT_NAME = "$(TARGET_NAME)";
			};
			name = Release;
		};
/* End XCBuildConfiguration section */

/* Begin XCConfigurationList section */
		35B955611D0CD5CC00790B82 /* Build configuration list for PBXProject "GoodAsOldPhones" */ = {
			isa = XCConfigurationList;
			buildConfigurations = (
				35B955761D0CD5CC00790B82 /* Debug */,
				35B955771D0CD5CC00790B82 /* Release */,
			);
			defaultConfigurationIsVisible = 0;
			defaultConfigurationName = Release;
		};
		35B955781D0CD5CC00790B82 /* Build configuration list for PBXNativeTarget "GoodAsOldPhones" */ = {
			isa = XCConfigurationList;
			buildConfigurations = (
				35B955791D0CD5CC00790B82 /* Debug */,
				35B9557A1D0CD5CC00790B82 /* Release */,
			);
			defaultConfigurationIsVisible = 0;
			defaultConfigurationName = Release;
		};
/* End XCConfigurationList section */
	};
	rootObject = 35B9555E1D0CD5CB00790B82 /* Project object */;
}
